<?xml version="1.0" encoding="utf-8"?>
<Project ToolsVersion="4.0" xmlns="http://schemas.microsoft.com/developer/msbuild/2003">
  <ItemGroup>
    <Filter Include="Source Files">
      <UniqueIdentifier>{4FC737F1-C7A5-4376-A066-2A32D752A2FF}</UniqueIdentifier>
      <Extensions>cpp;cxx;c;def</Extensions>
    </Filter>
    <Filter Include="Header Files">
      <UniqueIdentifier>{93995380-89BD-4b04-88EB-625FBE52EBFB}</UniqueIdentifier>
      <Extensions>h</Extensions>
    </Filter>
    <Filter Include="Form Files">
      <UniqueIdentifier>{99349809-55BA-4b9d-BF79-8FDBB0286EB3}</UniqueIdentifier>
      <Extensions>ui</Extensions>
    </Filter>
    <Filter Include="Resource Files">
      <UniqueIdentifier>{D9D6E242-F8AF-46E4-B9FD-80ECBC20BA3E}</UniqueIdentifier>
      <Extensions>qrc;*</Extensions>
      <ParseFiles>false</ParseFiles>
    </Filter>
    <Filter Include="Generated Files">
      <UniqueIdentifier>{71ED8ED8-ACB9-4CE9-BBE1-E00B30144E11}</UniqueIdentifier>
      <Extensions>moc;h;cpp</Extensions>
      <SourceControlFiles>False</SourceControlFiles>
    </Filter>
    <Filter Include="Generated Files\Debug">
      <UniqueIdentifier>{ee9b649a-af30-475a-9137-cbad817232a2}</UniqueIdentifier>
      <Extensions>cpp;moc</Extensions>
      <SourceControlFiles>False</SourceControlFiles>
    </Filter>
    <Filter Include="Generated Files\Release">
      <UniqueIdentifier>{4d3036b7-91b5-484e-a23e-f445b5390a9c}</UniqueIdentifier>
      <Extensions>cpp;moc</Extensions>
      <SourceControlFiles>False</SourceControlFiles>
    </Filter>
    <Filter Include="Header Files\webgl-loader">
      <UniqueIdentifier>{c0450512-9b36-4e7f-81e9-840378fb30b8}</UniqueIdentifier>
    </Filter>
  </ItemGroup>
  <ItemGroup>
    <ClCompile Include="main.cpp">
      <Filter>Source Files</Filter>
    </ClCompile>
    <ClCompile Include="anatomyshow.cpp">
      <Filter>Source Files</Filter>
    </ClCompile>
    <ClCompile Include="GeneratedFiles\Debug\moc_anatomyshow.cpp">
      <Filter>Generated Files\Debug</Filter>
    </ClCompile>
    <ClCompile Include="GeneratedFiles\Release\moc_anatomyshow.cpp">
      <Filter>Generated Files\Release</Filter>
    </ClCompile>
    <ClCompile Include="GeneratedFiles\qrc_anatomyshow.cpp">
      <Filter>Generated Files</Filter>
    </ClCompile>
    <ClCompile Include="imagesegmentation.cpp">
      <Filter>Source Files</Filter>
    </ClCompile>
    <ClCompile Include="GeneratedFiles\Debug\moc_imagesegmentation.cpp">
      <Filter>Generated Files\Debug</Filter>
    </ClCompile>
    <ClCompile Include="GeneratedFiles\Release\moc_imagesegmentation.cpp">
      <Filter>Generated Files\Release</Filter>
    </ClCompile>
    <ClCompile Include="meshprocess.cpp">
      <Filter>Source Files</Filter>
    </ClCompile>
    <ClCompile Include="GeneratedFiles\Debug\moc_meshprocess.cpp">
      <Filter>Generated Files\Debug</Filter>
    </ClCompile>
    <ClCompile Include="GeneratedFiles\Release\moc_meshprocess.cpp">
      <Filter>Generated Files\Release</Filter>
    </ClCompile>
    <ClCompile Include="anatomydefine.cpp">
      <Filter>Source Files</Filter>
    </ClCompile>
    <ClCompile Include="GeneratedFiles\Debug\moc_anatomydefine.cpp">
      <Filter>Generated Files\Debug</Filter>
    </ClCompile>
    <ClCompile Include="GeneratedFiles\Release\moc_anatomydefine.cpp">
      <Filter>Generated Files\Release</Filter>
    </ClCompile>
    <ClCompile Include="imageprocessthread.cpp">
      <Filter>Source Files</Filter>
    </ClCompile>
    <ClCompile Include="GeneratedFiles\Debug\moc_imageprocessthread.cpp">
      <Filter>Generated Files\Debug</Filter>
    </ClCompile>
    <ClCompile Include="GeneratedFiles\Release\moc_imageprocessthread.cpp">
      <Filter>Generated Files\Release</Filter>
    </ClCompile>
    <ClCompile Include="helpvizard.cpp">
      <Filter>Source Files</Filter>
    </ClCompile>
    <ClCompile Include="GeneratedFiles\Debug\moc_helpvizard.cpp">
      <Filter>Generated Files\Debug</Filter>
    </ClCompile>
    <ClCompile Include="GeneratedFiles\Release\moc_helpvizard.cpp">
      <Filter>Generated Files\Release</Filter>
    </ClCompile>
    <ClCompile Include="generatemodelthread.cpp">
      <Filter>Source Files</Filter>
    </ClCompile>
    <ClCompile Include="GeneratedFiles\Debug\moc_generatemodelthread.cpp">
      <Filter>Generated Files\Debug</Filter>
    </ClCompile>
    <ClCompile Include="GeneratedFiles\Release\moc_generatemodelthread.cpp">
      <Filter>Generated Files\Release</Filter>
    </ClCompile>
  </ItemGroup>
  <ItemGroup>
    <CustomBuild Include="anatomyshow.h">
      <Filter>Header Files</Filter>
    </CustomBuild>
    <CustomBuild Include="anatomyshow.ui">
      <Filter>Form Files</Filter>
    </CustomBuild>
    <CustomBuild Include="anatomyshow.qrc">
      <Filter>Resource Files</Filter>
    </CustomBuild>
    <CustomBuild Include="imagesegmentation.h">
      <Filter>Header Files</Filter>
    </CustomBuild>
    <CustomBuild Include="imagesegmentation.ui">
      <Filter>Form Files</Filter>
    </CustomBuild>
    <CustomBuild Include="meshprocess.h">
      <Filter>Header Files</Filter>
    </CustomBuild>
    <CustomBuild Include="meshprocess.ui">
      <Filter>Form Files</Filter>
    </CustomBuild>
    <CustomBuild Include="anatomydefine.h">
      <Filter>Header Files</Filter>
    </CustomBuild>
    <CustomBuild Include="anatomydefine.ui">
      <Filter>Form Files</Filter>
    </CustomBuild>
    <CustomBuild Include="imageprocessthread.h">
      <Filter>Header Files</Filter>
    </CustomBuild>
    <CustomBuild Include="helpvizard.h">
      <Filter>Header Files</Filter>
    </CustomBuild>
    <CustomBuild Include="helpvizard.ui">
      <Filter>Form Files</Filter>
    </CustomBuild>
    <CustomBuild Include="generatemodelthread.h">
      <Filter>Header Files</Filter>
    </CustomBuild>
  </ItemGroup>
  <ItemGroup>
    <ClInclude Include="GeneratedFiles\ui_anatomyshow.h">
      <Filter>Generated Files</Filter>
    </ClInclude>
    <ClInclude Include="GeneratedFiles\ui_imagesegmentation.h">
      <Filter>Generated Files</Filter>
    </ClInclude>
    <ClInclude Include="GeneratedFiles\ui_meshprocess.h">
      <Filter>Generated Files</Filter>
    </ClInclude>
    <ClInclude Include="GeneratedFiles\ui_anatomydefine.h">
      <Filter>Generated Files</Filter>
    </ClInclude>
    <ClInclude Include="webgl-loader\base.h">
      <Filter>Header Files\webgl-loader</Filter>
    </ClInclude>
    <ClInclude Include="webgl-loader\bounds.h">
      <Filter>Header Files\webgl-loader</Filter>
    </ClInclude>
    <ClInclude Include="webgl-loader\compress.h">
      <Filter>Header Files\webgl-loader</Filter>
    </ClInclude>
    <ClInclude Include="webgl-loader\json.h">
      <Filter>Header Files\webgl-loader</Filter>
    </ClInclude>
    <ClInclude Include="webgl-loader\mesh.h">
      <Filter>Header Files\webgl-loader</Filter>
    </ClInclude>
    <ClInclude Include="webgl-loader\optimize.h">
      <Filter>Header Files\webgl-loader</Filter>
    </ClInclude>
    <ClInclude Include="webgl-loader\stream.h">
      <Filter>Header Files\webgl-loader</Filter>
    </ClInclude>
    <ClInclude Include="webgl-loader\utf8.h">
      <Filter>Header Files\webgl-loader</Filter>
    </ClInclude>
    <ClInclude Include="GeneratedFiles\ui_helpvizard.h">
      <Filter>Generated Files</Filter>
    </ClInclude>
    <ClInclude Include="resource.h">
      <Filter>Header Files</Filter>
    </ClInclude>
  </ItemGroup>
  <ItemGroup>
    <ResourceCompile Include="AnatomyShowV3.rc" />
  </ItemGroup>
</Project>